// !$*UTF8*$!
{
	archiveVersion = 1;
	classes = {
	};
	objectVersion = 46;
	objects = {

/* Begin PBXBuildFile section */
		A86C8E6D1CDB0C1F00C4B814 /* Functions.swift in Sources */ = {isa = PBXBuildFile; fileRef = A86C8E6C1CDB0C1F00C4B814 /* Functions.swift */; };
		A86C8E701CDB0E5800C4B814 /* DataModel.xcdatamodeld in Sources */ = {isa = PBXBuildFile; fileRef = A86C8E6E1CDB0E5800C4B814 /* DataModel.xcdatamodeld */; };
		A86C8E731CDB10B400C4B814 /* Location+CoreDataProperties.swift in Sources */ = {isa = PBXBuildFile; fileRef = A86C8E711CDB10B400C4B814 /* Location+CoreDataProperties.swift */; };
		A86C8E741CDB10B400C4B814 /* Location.swift in Sources */ = {isa = PBXBuildFile; fileRef = A86C8E721CDB10B400C4B814 /* Location.swift */; };
		A86C8E761CDB274300C4B814 /* LocationsViewController.swift in Sources */ = {isa = PBXBuildFile; fileRef = A86C8E751CDB274300C4B814 /* LocationsViewController.swift */; };
		A86C8E991CDC1A1700C4B814 /* LocationCell.swift in Sources */ = {isa = PBXBuildFile; fileRef = A86C8E981CDC1A1700C4B814 /* LocationCell.swift */; };
		A86C8E9C1CDC44E600C4B814 /* MapKit.framework in Frameworks */ = {isa = PBXBuildFile; fileRef = A86C8E9B1CDC44E600C4B814 /* MapKit.framework */; };
		A86C8E9E1CDC454400C4B814 /* MapViewController.swift in Sources */ = {isa = PBXBuildFile; fileRef = A86C8E9D1CDC454400C4B814 /* MapViewController.swift */; };
		A8A22A3D1CD9D346008AB620 /* LocationDetailsViewController.swift in Sources */ = {isa = PBXBuildFile; fileRef = A8A22A3C1CD9D346008AB620 /* LocationDetailsViewController.swift */; };
		A8EA13461CD963410089EDE7 /* AppDelegate.swift in Sources */ = {isa = PBXBuildFile; fileRef = A8EA13451CD963410089EDE7 /* AppDelegate.swift */; };
		A8EA13481CD963410089EDE7 /* CurrentLocationViewController.swift in Sources */ = {isa = PBXBuildFile; fileRef = A8EA13471CD963410089EDE7 /* CurrentLocationViewController.swift */; };
		A8EA134D1CD963410089EDE7 /* Main.storyboard in Resources */ = {isa = PBXBuildFile; fileRef = A8EA134B1CD963410089EDE7 /* Main.storyboard */; };
		A8EA134F1CD963410089EDE7 /* Assets.xcassets in Resources */ = {isa = PBXBuildFile; fileRef = A8EA134E1CD963410089EDE7 /* Assets.xcassets */; };
		A8EA13521CD963410089EDE7 /* LaunchScreen.storyboard in Resources */ = {isa = PBXBuildFile; fileRef = A8EA13501CD963410089EDE7 /* LaunchScreen.storyboard */; };
		A8F17A631CDAD8BA00FE518E /* CategoryPickerViewController.swift in Sources */ = {isa = PBXBuildFile; fileRef = A8F17A621CDAD8BA00FE518E /* CategoryPickerViewController.swift */; };
		A8F17A651CDB006C00FE518E /* HudView.swift in Sources */ = {isa = PBXBuildFile; fileRef = A8F17A641CDB006C00FE518E /* HudView.swift */; };
/* End PBXBuildFile section */

/* Begin PBXFileReference section */
		A86C8E6C1CDB0C1F00C4B814 /* Functions.swift */ = {isa = PBXFileReference; fileEncoding = 4; lastKnownFileType = sourcecode.swift; path = Functions.swift; sourceTree = "<group>"; };
		A86C8E6F1CDB0E5800C4B814 /* DataModel.xcdatamodel */ = {isa = PBXFileReference; lastKnownFileType = wrapper.xcdatamodel; path = DataModel.xcdatamodel; sourceTree = "<group>"; };
		A86C8E711CDB10B400C4B814 /* Location+CoreDataProperties.swift */ = {isa = PBXFileReference; fileEncoding = 4; lastKnownFileType = sourcecode.swift; path = "Location+CoreDataProperties.swift"; sourceTree = "<group>"; };
		A86C8E721CDB10B400C4B814 /* Location.swift */ = {isa = PBXFileReference; fileEncoding = 4; lastKnownFileType = sourcecode.swift; path = Location.swift; sourceTree = "<group>"; };
		A86C8E751CDB274300C4B814 /* LocationsViewController.swift */ = {isa = PBXFileReference; fileEncoding = 4; lastKnownFileType = sourcecode.swift; path = LocationsViewController.swift; sourceTree = "<group>"; };
		A86C8E981CDC1A1700C4B814 /* LocationCell.swift */ = {isa = PBXFileReference; fileEncoding = 4; lastKnownFileType = sourcecode.swift; path = LocationCell.swift; sourceTree = "<group>"; };
		A86C8E9B1CDC44E600C4B814 /* MapKit.framework */ = {isa = PBXFileReference; lastKnownFileType = wrapper.framework; name = MapKit.framework; path = System/Library/Frameworks/MapKit.framework; sourceTree = SDKROOT; };
		A86C8E9D1CDC454400C4B814 /* MapViewController.swift */ = {isa = PBXFileReference; fileEncoding = 4; lastKnownFileType = sourcecode.swift; name = MapViewController.swift; path = ../MapViewController.swift; sourceTree = "<group>"; };
		A8A22A3C1CD9D346008AB620 /* LocationDetailsViewController.swift */ = {isa = PBXFileReference; fileEncoding = 4; lastKnownFileType = sourcecode.swift; path = LocationDetailsViewController.swift; sourceTree = "<group>"; };
		A8EA13421CD963410089EDE7 /* MyLocations.app */ = {isa = PBXFileReference; explicitFileType = wrapper.application; includeInIndex = 0; path = MyLocations.app; sourceTree = BUILT_PRODUCTS_DIR; };
		A8EA13451CD963410089EDE7 /* AppDelegate.swift */ = {isa = PBXFileReference; lastKnownFileType = sourcecode.swift; path = AppDelegate.swift; sourceTree = "<group>"; };
		A8EA13471CD963410089EDE7 /* CurrentLocationViewController.swift */ = {isa = PBXFileReference; lastKnownFileType = sourcecode.swift; path = CurrentLocationViewController.swift; sourceTree = "<group>"; };
		A8EA134C1CD963410089EDE7 /* Base */ = {isa = PBXFileReference; lastKnownFileType = file.storyboard; name = Base; path = Base.lproj/Main.storyboard; sourceTree = "<group>"; };
		A8EA134E1CD963410089EDE7 /* Assets.xcassets */ = {isa = PBXFileReference; lastKnownFileType = folder.assetcatalog; path = Assets.xcassets; sourceTree = "<group>"; };
		A8EA13511CD963410089EDE7 /* Base */ = {isa = PBXFileReference; lastKnownFileType = file.storyboard; name = Base; path = Base.lproj/LaunchScreen.storyboard; sourceTree = "<group>"; };
		A8EA13531CD963410089EDE7 /* Info.plist */ = {isa = PBXFileReference; lastKnownFileType = text.plist.xml; path = Info.plist; sourceTree = "<group>"; };
		A8F17A621CDAD8BA00FE518E /* CategoryPickerViewController.swift */ = {isa = PBXFileReference; fileEncoding = 4; lastKnownFileType = sourcecode.swift; path = CategoryPickerViewController.swift; sourceTree = "<group>"; };
		A8F17A641CDB006C00FE518E /* HudView.swift */ = {isa = PBXFileReference; fileEncoding = 4; lastKnownFileType = sourcecode.swift; path = HudView.swift; sourceTree = "<group>"; };
/* End PBXFileReference section */

/* Begin PBXFrameworksBuildPhase section */
		A8EA133F1CD963410089EDE7 /* Frameworks */ = {
			isa = PBXFrameworksBuildPhase;
			buildActionMask = 2147483647;
			files = (
				A86C8E9C1CDC44E600C4B814 /* MapKit.framework in Frameworks */,
			);
			runOnlyForDeploymentPostprocessing = 0;
		};
/* End PBXFrameworksBuildPhase section */

/* Begin PBXGroup section */
		A86C8E9A1CDC232400C4B814 /* Supporting Files */ = {
			isa = PBXGroup;
			children = (
				A8EA13451CD963410089EDE7 /* AppDelegate.swift */,
				A8EA134E1CD963410089EDE7 /* Assets.xcassets */,
				A86C8E6E1CDB0E5800C4B814 /* DataModel.xcdatamodeld */,
				A8EA13531CD963410089EDE7 /* Info.plist */,
				A8EA13501CD963410089EDE7 /* LaunchScreen.storyboard */,
			);
			name = "Supporting Files";
			sourceTree = "<group>";
		};
		A8EA13391CD963410089EDE7 = {
			isa = PBXGroup;
			children = (
				A86C8E9B1CDC44E600C4B814 /* MapKit.framework */,
				A86C8E711CDB10B400C4B814 /* Location+CoreDataProperties.swift */,
				A86C8E721CDB10B400C4B814 /* Location.swift */,
				A8EA13441CD963410089EDE7 /* MyLocations */,
				A8EA13431CD963410089EDE7 /* Products */,
			);
			sourceTree = "<group>";
		};
		A8EA13431CD963410089EDE7 /* Products */ = {
			isa = PBXGroup;
			children = (
				A8EA13421CD963410089EDE7 /* MyLocations.app */,
			);
			name = Products;
			sourceTree = "<group>";
		};
		A8EA13441CD963410089EDE7 /* MyLocations */ = {
			isa = PBXGroup;
			children = (
				A86C8E9A1CDC232400C4B814 /* Supporting Files */,
				A8F17A621CDAD8BA00FE518E /* CategoryPickerViewController.swift */,
				A86C8E9D1CDC454400C4B814 /* MapViewController.swift */,
				A8EA13471CD963410089EDE7 /* CurrentLocationViewController.swift */,
				A86C8E6C1CDB0C1F00C4B814 /* Functions.swift */,
				A8F17A641CDB006C00FE518E /* HudView.swift */,
				A8A22A3C1CD9D346008AB620 /* LocationDetailsViewController.swift */,
				A86C8E981CDC1A1700C4B814 /* LocationCell.swift */,
				A86C8E751CDB274300C4B814 /* LocationsViewController.swift */,
				A8EA134B1CD963410089EDE7 /* Main.storyboard */,
			);
			path = MyLocations;
			sourceTree = "<group>";
		};
/* End PBXGroup section */

/* Begin PBXNativeTarget section */
		A8EA13411CD963410089EDE7 /* MyLocations */ = {
			isa = PBXNativeTarget;
			buildConfigurationList = A8EA13561CD963410089EDE7 /* Build configuration list for PBXNativeTarget "MyLocations" */;
			buildPhases = (
				A8EA133E1CD963410089EDE7 /* Sources */,
				A8EA133F1CD963410089EDE7 /* Frameworks */,
				A8EA13401CD963410089EDE7 /* Resources */,
			);
			buildRules = (
			);
			dependencies = (
			);
			name = MyLocations;
			productName = MyLocations;
			productReference = A8EA13421CD963410089EDE7 /* MyLocations.app */;
			productType = "com.apple.product-type.application";
		};
/* End PBXNativeTarget section */

/* Begin PBXProject section */
		A8EA133A1CD963410089EDE7 /* Project object */ = {
			isa = PBXProject;
			attributes = {
				LastSwiftUpdateCheck = 0730;
				LastUpgradeCheck = 0730;
				ORGANIZATIONNAME = "Matthew Riddle";
				TargetAttributes = {
					A8EA13411CD963410089EDE7 = {
						CreatedOnToolsVersion = 7.3;
					};
				};
			};
			buildConfigurationList = A8EA133D1CD963410089EDE7 /* Build configuration list for PBXProject "MyLocations" */;
			compatibilityVersion = "Xcode 3.2";
			developmentRegion = English;
			hasScannedForEncodings = 0;
			knownRegions = (
				en,
				Base,
			);
			mainGroup = A8EA13391CD963410089EDE7;
			productRefGroup = A8EA13431CD963410089EDE7 /* Products */;
			projectDirPath = "";
			projectRoot = "";
			targets = (
				A8EA13411CD963410089EDE7 /* MyLocations */,
			);
		};
/* End PBXProject section */

/* Begin PBXResourcesBuildPhase section */
		A8EA13401CD963410089EDE7 /* Resources */ = {
			isa = PBXResourcesBuildPhase;
			buildActionMask = 2147483647;
			files = (
				A8EA13521CD963410089EDE7 /* LaunchScreen.storyboard in Resources */,
				A8EA134F1CD963410089EDE7 /* Assets.xcassets in Resources */,
				A8EA134D1CD963410089EDE7 /* Main.storyboard in Resources */,
			);
			runOnlyForDeploymentPostprocessing = 0;
		};
/* End PBXResourcesBuildPhase section */

/* Begin PBXSourcesBuildPhase section */
		A8EA133E1CD963410089EDE7 /* Sources */ = {
			isa = PBXSourcesBuildPhase;
			buildActionMask = 2147483647;
			files = (
				A8A22A3D1CD9D346008AB620 /* LocationDetailsViewController.swift in Sources */,
				A86C8E701CDB0E5800C4B814 /* DataModel.xcdatamodeld in Sources */,
				A86C8E991CDC1A1700C4B814 /* LocationCell.swift in Sources */,
				A86C8E741CDB10B400C4B814 /* Location.swift in Sources */,
				A86C8E761CDB274300C4B814 /* LocationsViewController.swift in Sources */,
				A8F17A651CDB006C00FE518E /* HudView.swift in Sources */,
				A86C8E6D1CDB0C1F00C4B814 /* Functions.swift in Sources */,
				A86C8E9E1CDC454400C4B814 /* MapViewController.swift in Sources */,
				A86C8E731CDB10B400C4B814 /* Location+CoreDataProperties.swift in Sources */,
				A8EA13461CD963410089EDE7 /* AppDelegate.swift in Sources */,
				A8F17A631CDAD8BA00FE518E /* CategoryPickerViewController.swift in Sources */,
				A8EA13481CD963410089EDE7 /* CurrentLocationViewController.swift in Sources */,
			);
			runOnlyForDeploymentPostprocessing = 0;
		};
/* End PBXSourcesBuildPhase section */

/* Begin PBXVariantGroup section */
		A8EA134B1CD963410089EDE7 /* Main.storyboard */ = {
			isa = PBXVariantGroup;
			children = (
				A8EA134C1CD963410089EDE7 /* Base */,
			);
			name = Main.storyboard;
			sourceTree = "<group>";
		};
		A8EA13501CD963410089EDE7 /* LaunchScreen.storyboard */ = {
			isa = PBXVariantGroup;
			children = (
				A8EA13511CD963410089EDE7 /* Base */,
			);
			name = LaunchScreen.storyboard;
			sourceTree = "<group>";
		};
/* End PBXVariantGroup section */

/* Begin XCBuildConfiguration section */
		A8EA13541CD963410089EDE7 /* Debug */ = {
			isa = XCBuildConfiguration;
			buildSettings = {
				ALWAYS_SEARCH_USER_PATHS = NO;
				CLANG_ANALYZER_NONNULL = YES;
				CLANG_CXX_LANGUAGE_STANDARD = "gnu++0x";
				CLANG_CXX_LIBRARY = "libc++";
				CLANG_ENABLE_MODULES = YES;
				CLANG_ENABLE_OBJC_ARC = YES;
				CLANG_WARN_BOOL_CONVERSION = YES;
				CLANG_WARN_CONSTANT_CONVERSION = YES;
				CLANG_WARN_DIRECT_OBJC_ISA_USAGE = YES_ERROR;
				CLANG_WARN_EMPTY_BODY = YES;
				CLANG_WARN_ENUM_CONVERSION = YES;
				CLANG_WARN_INT_CONVERSION = YES;
				CLANG_WARN_OBJC_ROOT_CLASS = YES_ERROR;
				CLANG_WARN_UNREACHABLE_CODE = YES;
				CLANG_WARN__DUPLICATE_METHOD_MATCH = YES;
				"CODE_SIGN_IDENTITY[sdk=iphoneos*]" = "iPhone Developer";
				COPY_PHASE_STRIP = NO;
				DEBUG_INFORMATION_FORMAT = dwarf;
				ENABLE_STRICT_OBJC_MSGSEND = YES;
				ENABLE_TESTABILITY = YES;
				GCC_C_LANGUAGE_STANDARD = gnu99;
				GCC_DYNAMIC_NO_PIC = NO;
				GCC_NO_COMMON_BLOCKS = YES;
				GCC_OPTIMIZATION_LEVEL = 0;
				GCC_PREPROCESSOR_DEFINITIONS = (
					"DEBUG=1",
					"$(inherited)",
				);
				GCC_WARN_64_TO_32_BIT_CONVERSION = YES;
				GCC_WARN_ABOUT_RETURN_TYPE = YES_ERROR;
				GCC_WARN_UNDECLARED_SELECTOR = YES;
				GCC_WARN_UNINITIALIZED_AUTOS = YES_AGGRESSIVE;
				GCC_WARN_UNUSED_FUNCTION = YES;
				GCC_WARN_UNUSED_VARIABLE = YES;
				IPHONEOS_DEPLOYMENT_TARGET = 9.3;
				MTL_ENABLE_DEBUG_INFO = YES;
				ONLY_ACTIVE_ARCH = YES;
				SDKROOT = iphoneos;
				SWIFT_OPTIMIZATION_LEVEL = "-Onone";
			};
			name = Debug;
		};
		A8EA13551CD963410089EDE7 /* Release */ = {
			isa = XCBuildConfiguration;
			buildSettings = {
				ALWAYS_SEARCH_USER_PATHS = NO;
				CLANG_ANALYZER_NONNULL = YES;
				CLANG_CXX_LANGUAGE_STANDARD = "gnu++0x";
				CLANG_CXX_LIBRARY = "libc++";
				CLANG_ENABLE_MODULES = YES;
				CLANG_ENABLE_OBJC_ARC = YES;
				CLANG_WARN_BOOL_CONVERSION = YES;
				CLANG_WARN_CONSTANT_CONVERSION = YES;
				CLANG_WARN_DIRECT_OBJC_ISA_USAGE = YES_ERROR;
				CLANG_WARN_EMPTY_BODY = YES;
				CLANG_WARN_ENUM_CONVERSION = YES;
				CLANG_WARN_INT_CONVERSION = YES;
				CLANG_WARN_OBJC_ROOT_CLASS = YES_ERROR;
				CLANG_WARN_UNREACHABLE_CODE = YES;
				CLANG_WARN__DUPLICATE_METHOD_MATCH = YES;
				"CODE_SIGN_IDENTITY[sdk=iphoneos*]" = "iPhone Developer";
				COPY_PHASE_STRIP = NO;
				DEBUG_INFORMATION_FORMAT = "dwarf-with-dsym";
				ENABLE_NS_ASSERTIONS = NO;
				ENABLE_STRICT_OBJC_MSGSEND = YES;
				GCC_C_LANGUAGE_STANDARD = gnu99;
				GCC_NO_COMMON_BLOCKS = YES;
				GCC_WARN_64_TO_32_BIT_CONVERSION = YES;
				GCC_WARN_ABOUT_RETURN_TYPE = YES_ERROR;
				GCC_WARN_UNDECLARED_SELECTOR = YES;
				GCC_WARN_UNINITIALIZED_AUTOS = YES_AGGRESSIVE;
				GCC_WARN_UNUSED_FUNCTION = YES;
				GCC_WARN_UNUSED_VARIABLE = YES;
				IPHONEOS_DEPLOYMENT_TARGET = 9.3;
				MTL_ENABLE_DEBUG_INFO = NO;
				SDKROOT = iphoneos;
				VALIDATE_PRODUCT = YES;
			};
			name = Release;
		};
		A8EA13571CD963410089EDE7 /* Debug */ = {
			isa = XCBuildConfiguration;
			buildSettings = {
				ASSETCATALOG_COMPILER_APPICON_NAME = AppIcon;
				INFOPLIST_FILE = MyLocations/Info.plist;
				LD_RUNPATH_SEARCH_PATHS = "$(inherited) @executable_path/Frameworks";
				PRODUCT_BUNDLE_IDENTIFIER = com.mriddle.MyLocations;
				PRODUCT_NAME = "$(TARGET_NAME)";
			};
			name = Debug;
		};
		A8EA13581CD963410089EDE7 /* Release */ = {
			isa = XCBuildConfiguration;
			buildSettings = {
				ASSETCATALOG_COMPILER_APPICON_NAME = AppIcon;
				INFOPLIST_FILE = MyLocations/Info.plist;
				LD_RUNPATH_SEARCH_PATHS = "$(inherited) @executable_path/Frameworks";
				PRODUCT_BUNDLE_IDENTIFIER = com.mriddle.MyLocations;
				PRODUCT_NAME = "$(TARGET_NAME)";
			};
			name = Release;
		};
/* End XCBuildConfiguration section */

/* Begin XCConfigurationList section */
		A8EA133D1CD963410089EDE7 /* Build configuration list for PBXProject "MyLocations" */ = {
			isa = XCConfigurationList;
			buildConfigurations = (
				A8EA13541CD963410089EDE7 /* Debug */,
				A8EA13551CD963410089EDE7 /* Release */,
			);
			defaultConfigurationIsVisible = 0;
			defaultConfigurationName = Release;
		};
		A8EA13561CD963410089EDE7 /* Build configuration list for PBXNativeTarget "MyLocations" */ = {
			isa = XCConfigurationList;
			buildConfigurations = (
				A8EA13571CD963410089EDE7 /* Debug */,
				A8EA13581CD963410089EDE7 /* Release */,
			);
			defaultConfigurationIsVisible = 0;
			defaultConfigurationName = Release;
		};
/* End XCConfigurationList section */

/* Begin XCVersionGroup section */
		A86C8E6E1CDB0E5800C4B814 /* DataModel.xcdatamodeld */ = {
			isa = XCVersionGroup;
			children = (
				A86C8E6F1CDB0E5800C4B814 /* DataModel.xcdatamodel */,
			);
			currentVersion = A86C8E6F1CDB0E5800C4B814 /* DataModel.xcdatamodel */;
			path = DataModel.xcdatamodeld;
			sourceTree = "<group>";
			versionGroupType = wrapper.xcdatamodel;
		};
/* End XCVersionGroup section */
	};
	rootObject = A8EA133A1CD963410089EDE7 /* Project object */;
}
